
Microsoft Visual Studio Solution File, Format Version 12.00
# Visual Studio 14
VisualStudioVersion = 14.0.25420.1
MinimumVisualStudioVersion = 10.0.40219.1
Project("{FAE04EC0-301F-11D3-BF4B-00C04F79EFBC}") = "EnumGenie.Core", "EnumGenie.Core\EnumGenie.Core.csproj", "{4DB556DF-DDB2-4627-97F0-47391DD71541}"
EndProject
Project("{FAE04EC0-301F-11D3-BF4B-00C04F79EFBC}") = "EnumGenie.TypeScript", "EnumGenie.TypeScript\EnumGenie.TypeScript.csproj", "{2C1730E1-947B-4E92-A1E3-0B06D3C90F46}"
EndProject
Project("{FAE04EC0-301F-11D3-BF4B-00C04F79EFBC}") = "EnumGenie.Sample", "EnumGenie.Sample\EnumGenie.Sample.csproj", "{97538E6C-AF42-46E0-97FD-9C8E57A1CF28}"
EndProject
Global
	GlobalSection(SolutionConfigurationPlatforms) = preSolution
		Debug|Any CPU = Debug|Any CPU
		Release|Any CPU = Release|Any CPU
	EndGlobalSection
	GlobalSection(ProjectConfigurationPlatforms) = postSolution
		{4DB556DF-DDB2-4627-97F0-47391DD71541}.Debug|Any CPU.ActiveCfg = Debug|Any CPU
		{4DB556DF-DDB2-4627-97F0-47391DD71541}.Debug|Any CPU.Build.0 = Debug|Any CPU
		{4DB556DF-DDB2-4627-97F0-47391DD71541}.Release|Any CPU.ActiveCfg = Release|Any CPU
		{4DB556DF-DDB2-4627-97F0-47391DD71541}.Release|Any CPU.Build.0 = Release|Any CPU
		{2C1730E1-947B-4E92-A1E3-0B06D3C90F46}.Debug|Any CPU.ActiveCfg = Debug|Any CPU
		{2C1730E1-947B-4E92-A1E3-0B06D3C90F46}.Debug|Any CPU.Build.0 = Debug|Any CPU
		{2C1730E1-947B-4E92-A1E3-0B06D3C90F46}.Release|Any CPU.ActiveCfg = Release|Any CPU
		{2C1730E1-947B-4E92-A1E3-0B06D3C90F46}.Release|Any CPU.Build.0 = Release|Any CPU
		{97538E6C-AF42-46E0-97FD-9C8E57A1CF28}.Debug|Any CPU.ActiveCfg = Debug|Any CPU
		{97538E6C-AF42-46E0-97FD-9C8E57A1CF28}.Debug|Any CPU.Build.0 = Debug|Any CPU
		{97538E6C-AF42-46E0-97FD-9C8E57A1CF28}.Release|Any CPU.ActiveCfg = Release|Any CPU
		{97538E6C-AF42-46E0-97FD-9C8E57A1CF28}.Release|Any CPU.Build.0 = Release|Any CPU
	EndGlobalSection
	GlobalSection(SolutionProperties) = preSolution
		HideSolutionNode = FALSE
	EndGlobalSection
EndGlobal
